// !$*UTF8*$!
{
	archiveVersion = 1;
	classes = {
	};
	objectVersion = 56;
	objects = {

/* Begin PBXBuildFile section */
		8589AC262B0533E300758178 /* MemorizeGameApp.swift in Sources */ = {isa = PBXBuildFile; fileRef = 8589AC252B0533E300758178 /* MemorizeGameApp.swift */; };
		8589AC282B0533E300758178 /* ContentView.swift in Sources */ = {isa = PBXBuildFile; fileRef = 8589AC272B0533E300758178 /* ContentView.swift */; };
		8589AC2A2B0533E300758178 /* Assets.xcassets in Resources */ = {isa = PBXBuildFile; fileRef = 8589AC292B0533E300758178 /* Assets.xcassets */; };
		8589AC2E2B0533E300758178 /* Preview Assets.xcassets in Resources */ = {isa = PBXBuildFile; fileRef = 8589AC2D2B0533E300758178 /* Preview Assets.xcassets */; };
		8589AC382B0533E400758178 /* MemorizeGameTests.swift in Sources */ = {isa = PBXBuildFile; fileRef = 8589AC372B0533E400758178 /* MemorizeGameTests.swift */; };
		8589AC422B0533E400758178 /* MemorizeGameUITests.swift in Sources */ = {isa = PBXBuildFile; fileRef = 8589AC412B0533E400758178 /* MemorizeGameUITests.swift */; };
		8589AC442B0533E400758178 /* MemorizeGameUITestsLaunchTests.swift in Sources */ = {isa = PBXBuildFile; fileRef = 8589AC432B0533E400758178 /* MemorizeGameUITestsLaunchTests.swift */; };
		858DBA1A2B05560D00FF7B95 /* CardView.swift in Sources */ = {isa = PBXBuildFile; fileRef = 858DBA192B05560D00FF7B95 /* CardView.swift */; };
		85C84AC82B06A7C80086C9B2 /* ButtonView.swift in Sources */ = {isa = PBXBuildFile; fileRef = 85C84AC72B06A7C80086C9B2 /* ButtonView.swift */; };
		85D373722B08016000F56191 /* LazyStackWithScroll.swift in Sources */ = {isa = PBXBuildFile; fileRef = 85D373712B08016000F56191 /* LazyStackWithScroll.swift */; };
		85D373752B0A81B800F56191 /* Data.swift in Sources */ = {isa = PBXBuildFile; fileRef = 85D373742B0A81B800F56191 /* Data.swift */; };
/* End PBXBuildFile section */

/* Begin PBXContainerItemProxy section */
		8589AC342B0533E400758178 /* PBXContainerItemProxy */ = {
			isa = PBXContainerItemProxy;
			containerPortal = 8589AC1A2B0533E300758178 /* Project object */;
			proxyType = 1;
			remoteGlobalIDString = 8589AC212B0533E300758178;
			remoteInfo = MemorizeGame;
		};
		8589AC3E2B0533E400758178 /* PBXContainerItemProxy */ = {
			isa = PBXContainerItemProxy;
			containerPortal = 8589AC1A2B0533E300758178 /* Project object */;
			proxyType = 1;
			remoteGlobalIDString = 8589AC212B0533E300758178;
			remoteInfo = MemorizeGame;
		};
/* End PBXContainerItemProxy section */

/* Begin PBXFileReference section */
		8589AC222B0533E300758178 /* MemorizeGame.app */ = {isa = PBXFileReference; explicitFileType = wrapper.application; includeInIndex = 0; path = MemorizeGame.app; sourceTree = BUILT_PRODUCTS_DIR; };
		8589AC252B0533E300758178 /* MemorizeGameApp.swift */ = {isa = PBXFileReference; lastKnownFileType = sourcecode.swift; path = MemorizeGameApp.swift; sourceTree = "<group>"; };
		8589AC272B0533E300758178 /* ContentView.swift */ = {isa = PBXFileReference; lastKnownFileType = sourcecode.swift; path = ContentView.swift; sourceTree = "<group>"; };
		8589AC292B0533E300758178 /* Assets.xcassets */ = {isa = PBXFileReference; lastKnownFileType = folder.assetcatalog; path = Assets.xcassets; sourceTree = "<group>"; };
		8589AC2B2B0533E300758178 /* MemorizeGame.entitlements */ = {isa = PBXFileReference; lastKnownFileType = text.plist.entitlements; path = MemorizeGame.entitlements; sourceTree = "<group>"; };
		8589AC2D2B0533E300758178 /* Preview Assets.xcassets */ = {isa = PBXFileReference; lastKnownFileType = folder.assetcatalog; path = "Preview Assets.xcassets"; sourceTree = "<group>"; };
		8589AC332B0533E400758178 /* MemorizeGameTests.xctest */ = {isa = PBXFileReference; explicitFileType = wrapper.cfbundle; includeInIndex = 0; path = MemorizeGameTests.xctest; sourceTree = BUILT_PRODUCTS_DIR; };
		8589AC372B0533E400758178 /* MemorizeGameTests.swift */ = {isa = PBXFileReference; lastKnownFileType = sourcecode.swift; path = MemorizeGameTests.swift; sourceTree = "<group>"; };
		8589AC3D2B0533E400758178 /* MemorizeGameUITests.xctest */ = {isa = PBXFileReference; explicitFileType = wrapper.cfbundle; includeInIndex = 0; path = MemorizeGameUITests.xctest; sourceTree = BUILT_PRODUCTS_DIR; };
		8589AC412B0533E400758178 /* MemorizeGameUITests.swift */ = {isa = PBXFileReference; lastKnownFileType = sourcecode.swift; path = MemorizeGameUITests.swift; sourceTree = "<group>"; };
		8589AC432B0533E400758178 /* MemorizeGameUITestsLaunchTests.swift */ = {isa = PBXFileReference; lastKnownFileType = sourcecode.swift; path = MemorizeGameUITestsLaunchTests.swift; sourceTree = "<group>"; };
		858DBA192B05560D00FF7B95 /* CardView.swift */ = {isa = PBXFileReference; lastKnownFileType = sourcecode.swift; path = CardView.swift; sourceTree = "<group>"; };
		85C84AC72B06A7C80086C9B2 /* ButtonView.swift */ = {isa = PBXFileReference; lastKnownFileType = sourcecode.swift; path = ButtonView.swift; sourceTree = "<group>"; };
		85D373712B08016000F56191 /* LazyStackWithScroll.swift */ = {isa = PBXFileReference; lastKnownFileType = sourcecode.swift; path = LazyStackWithScroll.swift; sourceTree = "<group>"; };
		85D373742B0A81B800F56191 /* Data.swift */ = {isa = PBXFileReference; lastKnownFileType = sourcecode.swift; path = Data.swift; sourceTree = "<group>"; };
/* End PBXFileReference section */

/* Begin PBXFrameworksBuildPhase section */
		8589AC1F2B0533E300758178 /* Frameworks */ = {
			isa = PBXFrameworksBuildPhase;
			buildActionMask = 2147483647;
			files = (
			);
			runOnlyForDeploymentPostprocessing = 0;
		};
		8589AC302B0533E400758178 /* Frameworks */ = {
			isa = PBXFrameworksBuildPhase;
			buildActionMask = 2147483647;
			files = (
			);
			runOnlyForDeploymentPostprocessing = 0;
		};
		8589AC3A2B0533E400758178 /* Frameworks */ = {
			isa = PBXFrameworksBuildPhase;
			buildActionMask = 2147483647;
			files = (
			);
			runOnlyForDeploymentPostprocessing = 0;
		};
/* End PBXFrameworksBuildPhase section */

/* Begin PBXGroup section */
		8589AC192B0533E300758178 = {
			isa = PBXGroup;
			children = (
				8589AC242B0533E300758178 /* MemorizeGame */,
				8589AC362B0533E400758178 /* MemorizeGameTests */,
				8589AC402B0533E400758178 /* MemorizeGameUITests */,
				8589AC232B0533E300758178 /* Products */,
			);
			sourceTree = "<group>";
		};
		8589AC232B0533E300758178 /* Products */ = {
			isa = PBXGroup;
			children = (
				8589AC222B0533E300758178 /* MemorizeGame.app */,
				8589AC332B0533E400758178 /* MemorizeGameTests.xctest */,
				8589AC3D2B0533E400758178 /* MemorizeGameUITests.xctest */,
			);
			name = Products;
			sourceTree = "<group>";
		};
		8589AC242B0533E300758178 /* MemorizeGame */ = {
			isa = PBXGroup;
			children = (
				85D373732B0A802400F56191 /* Models */,
				858DBA182B0555F600FF7B95 /* Views */,
				8589AC252B0533E300758178 /* MemorizeGameApp.swift */,
				8589AC272B0533E300758178 /* ContentView.swift */,
				8589AC292B0533E300758178 /* Assets.xcassets */,
				8589AC2B2B0533E300758178 /* MemorizeGame.entitlements */,
				8589AC2C2B0533E300758178 /* Preview Content */,
			);
			path = MemorizeGame;
			sourceTree = "<group>";
		};
		8589AC2C2B0533E300758178 /* Preview Content */ = {
			isa = PBXGroup;
			children = (
				8589AC2D2B0533E300758178 /* Preview Assets.xcassets */,
			);
			path = "Preview Content";
			sourceTree = "<group>";
		};
		8589AC362B0533E400758178 /* MemorizeGameTests */ = {
			isa = PBXGroup;
			children = (
				8589AC372B0533E400758178 /* MemorizeGameTests.swift */,
			);
			path = MemorizeGameTests;
			sourceTree = "<group>";
		};
		8589AC402B0533E400758178 /* MemorizeGameUITests */ = {
			isa = PBXGroup;
			children = (
				8589AC412B0533E400758178 /* MemorizeGameUITests.swift */,
				8589AC432B0533E400758178 /* MemorizeGameUITestsLaunchTests.swift */,
			);
			path = MemorizeGameUITests;
			sourceTree = "<group>";
		};
		858DBA182B0555F600FF7B95 /* Views */ = {
			isa = PBXGroup;
			children = (
				858DBA192B05560D00FF7B95 /* CardView.swift */,
				85C84AC72B06A7C80086C9B2 /* ButtonView.swift */,
				85D373712B08016000F56191 /* LazyStackWithScroll.swift */,
			);
			path = Views;
			sourceTree = "<group>";
		};
		85D373732B0A802400F56191 /* Models */ = {
			isa = PBXGroup;
			children = (
				85D373742B0A81B800F56191 /* Data.swift */,
			);
			path = Models;
			sourceTree = "<group>";
		};
/* End PBXGroup section */

/* Begin PBXNativeTarget section */
		8589AC212B0533E300758178 /* MemorizeGame */ = {
			isa = PBXNativeTarget;
			buildConfigurationList = 8589AC472B0533E400758178 /* Build configuration list for PBXNativeTarget "MemorizeGame" */;
			buildPhases = (
				8589AC1E2B0533E300758178 /* Sources */,
				8589AC1F2B0533E300758178 /* Frameworks */,
				8589AC202B0533E300758178 /* Resources */,
			);
			buildRules = (
			);
			dependencies = (
			);
			name = MemorizeGame;
			productName = MemorizeGame;
			productReference = 8589AC222B0533E300758178 /* MemorizeGame.app */;
			productType = "com.apple.product-type.application";
		};
		8589AC322B0533E400758178 /* MemorizeGameTests */ = {
			isa = PBXNativeTarget;
			buildConfigurationList = 8589AC4A2B0533E400758178 /* Build configuration list for PBXNativeTarget "MemorizeGameTests" */;
			buildPhases = (
				8589AC2F2B0533E400758178 /* Sources */,
				8589AC302B0533E400758178 /* Frameworks */,
				8589AC312B0533E400758178 /* Resources */,
			);
			buildRules = (
			);
			dependencies = (
				8589AC352B0533E400758178 /* PBXTargetDependency */,
			);
			name = MemorizeGameTests;
			productName = MemorizeGameTests;
			productReference = 8589AC332B0533E400758178 /* MemorizeGameTests.xctest */;
			productType = "com.apple.product-type.bundle.unit-test";
		};
		8589AC3C2B0533E400758178 /* MemorizeGameUITests */ = {
			isa = PBXNativeTarget;
			buildConfigurationList = 8589AC4D2B0533E400758178 /* Build configuration list for PBXNativeTarget "MemorizeGameUITests" */;
			buildPhases = (
				8589AC392B0533E400758178 /* Sources */,
				8589AC3A2B0533E400758178 /* Frameworks */,
				8589AC3B2B0533E400758178 /* Resources */,
			);
			buildRules = (
			);
			dependencies = (
				8589AC3F2B0533E400758178 /* PBXTargetDependency */,
			);
			name = MemorizeGameUITests;
			productName = MemorizeGameUITests;
			productReference = 8589AC3D2B0533E400758178 /* MemorizeGameUITests.xctest */;
			productType = "com.apple.product-type.bundle.ui-testing";
		};
/* End PBXNativeTarget section */

/* Begin PBXProject section */
		8589AC1A2B0533E300758178 /* Project object */ = {
			isa = PBXProject;
			attributes = {
				BuildIndependentTargetsInParallel = 1;
				LastSwiftUpdateCheck = 1500;
				LastUpgradeCheck = 1500;
				TargetAttributes = {
					8589AC212B0533E300758178 = {
						CreatedOnToolsVersion = 15.0.1;
					};
					8589AC322B0533E400758178 = {
						CreatedOnToolsVersion = 15.0.1;
						TestTargetID = 8589AC212B0533E300758178;
					};
					8589AC3C2B0533E400758178 = {
						CreatedOnToolsVersion = 15.0.1;
						TestTargetID = 8589AC212B0533E300758178;
					};
				};
			};
			buildConfigurationList = 8589AC1D2B0533E300758178 /* Build configuration list for PBXProject "MemorizeGame" */;
			compatibilityVersion = "Xcode 14.0";
			developmentRegion = en;
			hasScannedForEncodings = 0;
			knownRegions = (
				en,
				Base,
			);
			mainGroup = 8589AC192B0533E300758178;
			productRefGroup = 8589AC232B0533E300758178 /* Products */;
			projectDirPath = "";
			projectRoot = "";
			targets = (
				8589AC212B0533E300758178 /* MemorizeGame */,
				8589AC322B0533E400758178 /* MemorizeGameTests */,
				8589AC3C2B0533E400758178 /* MemorizeGameUITests */,
			);
		};
/* End PBXProject section */

/* Begin PBXResourcesBuildPhase section */
		8589AC202B0533E300758178 /* Resources */ = {
			isa = PBXResourcesBuildPhase;
			buildActionMask = 2147483647;
			files = (
				8589AC2E2B0533E300758178 /* Preview Assets.xcassets in Resources */,
				8589AC2A2B0533E300758178 /* Assets.xcassets in Resources */,
			);
			runOnlyForDeploymentPostprocessing = 0;
		};
		8589AC312B0533E400758178 /* Resources */ = {
			isa = PBXResourcesBuildPhase;
			buildActionMask = 2147483647;
			files = (
			);
			runOnlyForDeploymentPostprocessing = 0;
		};
		8589AC3B2B0533E400758178 /* Resources */ = {
			isa = PBXResourcesBuildPhase;
			buildActionMask = 2147483647;
			files = (
			);
			runOnlyForDeploymentPostprocessing = 0;
		};
/* End PBXResourcesBuildPhase section */

/* Begin PBXSourcesBuildPhase section */
		8589AC1E2B0533E300758178 /* Sources */ = {
			isa = PBXSourcesBuildPhase;
			buildActionMask = 2147483647;
			files = (
				8589AC282B0533E300758178 /* ContentView.swift in Sources */,
				85D373752B0A81B800F56191 /* Data.swift in Sources */,
				85D373722B08016000F56191 /* LazyStackWithScroll.swift in Sources */,
				858DBA1A2B05560D00FF7B95 /* CardView.swift in Sources */,
				85C84AC82B06A7C80086C9B2 /* ButtonView.swift in Sources */,
				8589AC262B0533E300758178 /* MemorizeGameApp.swift in Sources */,
			);
			runOnlyForDeploymentPostprocessing = 0;
		};
		8589AC2F2B0533E400758178 /* Sources */ = {
			isa = PBXSourcesBuildPhase;
			buildActionMask = 2147483647;
			files = (
				8589AC382B0533E400758178 /* MemorizeGameTests.swift in Sources */,
			);
			runOnlyForDeploymentPostprocessing = 0;
		};
		8589AC392B0533E400758178 /* Sources */ = {
			isa = PBXSourcesBuildPhase;
			buildActionMask = 2147483647;
			files = (
				8589AC442B0533E400758178 /* MemorizeGameUITestsLaunchTests.swift in Sources */,
				8589AC422B0533E400758178 /* MemorizeGameUITests.swift in Sources */,
			);
			runOnlyForDeploymentPostprocessing = 0;
		};
/* End PBXSourcesBuildPhase section */

/* Begin PBXTargetDependency section */
		8589AC352B0533E400758178 /* PBXTargetDependency */ = {
			isa = PBXTargetDependency;
			target = 8589AC212B0533E300758178 /* MemorizeGame */;
			targetProxy = 8589AC342B0533E400758178 /* PBXContainerItemProxy */;
		};
		8589AC3F2B0533E400758178 /* PBXTargetDependency */ = {
			isa = PBXTargetDependency;
			target = 8589AC212B0533E300758178 /* MemorizeGame */;
			targetProxy = 8589AC3E2B0533E400758178 /* PBXContainerItemProxy */;
		};
/* End PBXTargetDependency section */

/* Begin XCBuildConfiguration section */
		8589AC452B0533E400758178 /* Debug */ = {
			isa = XCBuildConfiguration;
			buildSettings = {
				ALWAYS_SEARCH_USER_PATHS = NO;
				ASSETCATALOG_COMPILER_GENERATE_SWIFT_ASSET_SYMBOL_EXTENSIONS = YES;
				CLANG_ANALYZER_NONNULL = YES;
				CLANG_ANALYZER_NUMBER_OBJECT_CONVERSION = YES_AGGRESSIVE;
				CLANG_CXX_LANGUAGE_STANDARD = "gnu++20";
				CLANG_ENABLE_MODULES = YES;
				CLANG_ENABLE_OBJC_ARC = YES;
				CLANG_ENABLE_OBJC_WEAK = YES;
				CLANG_WARN_BLOCK_CAPTURE_AUTORELEASING = YES;
				CLANG_WARN_BOOL_CONVERSION = YES;
				CLANG_WARN_COMMA = YES;
				CLANG_WARN_CONSTANT_CONVERSION = YES;
				CLANG_WARN_DEPRECATED_OBJC_IMPLEMENTATIONS = YES;
				CLANG_WARN_DIRECT_OBJC_ISA_USAGE = YES_ERROR;
				CLANG_WARN_DOCUMENTATION_COMMENTS = YES;
				CLANG_WARN_EMPTY_BODY = YES;
				CLANG_WARN_ENUM_CONVERSION = YES;
				CLANG_WARN_INFINITE_RECURSION = YES;
				CLANG_WARN_INT_CONVERSION = YES;
				CLANG_WARN_NON_LITERAL_NULL_CONVERSION = YES;
				CLANG_WARN_OBJC_IMPLICIT_RETAIN_SELF = YES;
				CLANG_WARN_OBJC_LITERAL_CONVERSION = YES;
				CLANG_WARN_OBJC_ROOT_CLASS = YES_ERROR;
				CLANG_WARN_QUOTED_INCLUDE_IN_FRAMEWORK_HEADER = YES;
				CLANG_WARN_RANGE_LOOP_ANALYSIS = YES;
				CLANG_WARN_STRICT_PROTOTYPES = YES;
				CLANG_WARN_SUSPICIOUS_MOVE = YES;
				CLANG_WARN_UNGUARDED_AVAILABILITY = YES_AGGRESSIVE;
				CLANG_WARN_UNREACHABLE_CODE = YES;
				CLANG_WARN__DUPLICATE_METHOD_MATCH = YES;
				COPY_PHASE_STRIP = NO;
				DEBUG_INFORMATION_FORMAT = dwarf;
				ENABLE_STRICT_OBJC_MSGSEND = YES;
				ENABLE_TESTABILITY = YES;
				ENABLE_USER_SCRIPT_SANDBOXING = YES;
				GCC_C_LANGUAGE_STANDARD = gnu17;
				GCC_DYNAMIC_NO_PIC = NO;
				GCC_NO_COMMON_BLOCKS = YES;
				GCC_OPTIMIZATION_LEVEL = 0;
				GCC_PREPROCESSOR_DEFINITIONS = (
					"DEBUG=1",
					"$(inherited)",
				);
				GCC_WARN_64_TO_32_BIT_CONVERSION = YES;
				GCC_WARN_ABOUT_RETURN_TYPE = YES_ERROR;
				GCC_WARN_UNDECLARED_SELECTOR = YES;
				GCC_WARN_UNINITIALIZED_AUTOS = YES_AGGRESSIVE;
				GCC_WARN_UNUSED_FUNCTION = YES;
				GCC_WARN_UNUSED_VARIABLE = YES;
				LOCALIZATION_PREFERS_STRING_CATALOGS = YES;
				MTL_ENABLE_DEBUG_INFO = INCLUDE_SOURCE;
				MTL_FAST_MATH = YES;
				ONLY_ACTIVE_ARCH = YES;
				SWIFT_ACTIVE_COMPILATION_CONDITIONS = "DEBUG $(inherited)";
				SWIFT_OPTIMIZATION_LEVEL = "-Onone";
			};
			name = Debug;
		};
		8589AC462B0533E400758178 /* Release */ = {
			isa = XCBuildConfiguration;
			buildSettings = {
				ALWAYS_SEARCH_USER_PATHS = NO;
				ASSETCATALOG_COMPILER_GENERATE_SWIFT_ASSET_SYMBOL_EXTENSIONS = YES;
				CLANG_ANALYZER_NONNULL = YES;
				CLANG_ANALYZER_NUMBER_OBJECT_CONVERSION = YES_AGGRESSIVE;
				CLANG_CXX_LANGUAGE_STANDARD = "gnu++20";
				CLANG_ENABLE_MODULES = YES;
				CLANG_ENABLE_OBJC_ARC = YES;
				CLANG_ENABLE_OBJC_WEAK = YES;
				CLANG_WARN_BLOCK_CAPTURE_AUTORELEASING = YES;
				CLANG_WARN_BOOL_CONVERSION = YES;
				CLANG_WARN_COMMA = YES;
				CLANG_WARN_CONSTANT_CONVERSION = YES;
				CLANG_WARN_DEPRECATED_OBJC_IMPLEMENTATIONS = YES;
				CLANG_WARN_DIRECT_OBJC_ISA_USAGE = YES_ERROR;
				CLANG_WARN_DOCUMENTATION_COMMENTS = YES;
				CLANG_WARN_EMPTY_BODY = YES;
				CLANG_WARN_ENUM_CONVERSION = YES;
				CLANG_WARN_INFINITE_RECURSION = YES;
				CLANG_WARN_INT_CONVERSION = YES;
				CLANG_WARN_NON_LITERAL_NULL_CONVERSION = YES;
				CLANG_WARN_OBJC_IMPLICIT_RETAIN_SELF = YES;
				CLANG_WARN_OBJC_LITERAL_CONVERSION = YES;
				CLANG_WARN_OBJC_ROOT_CLASS = YES_ERROR;
				CLANG_WARN_QUOTED_INCLUDE_IN_FRAMEWORK_HEADER = YES;
				CLANG_WARN_RANGE_LOOP_ANALYSIS = YES;
				CLANG_WARN_STRICT_PROTOTYPES = YES;
				CLANG_WARN_SUSPICIOUS_MOVE = YES;
				CLANG_WARN_UNGUARDED_AVAILABILITY = YES_AGGRESSIVE;
				CLANG_WARN_UNREACHABLE_CODE = YES;
				CLANG_WARN__DUPLICATE_METHOD_MATCH = YES;
				COPY_PHASE_STRIP = NO;
				DEBUG_INFORMATION_FORMAT = "dwarf-with-dsym";
				ENABLE_NS_ASSERTIONS = NO;
				ENABLE_STRICT_OBJC_MSGSEND = YES;
				ENABLE_USER_SCRIPT_SANDBOXING = YES;
				GCC_C_LANGUAGE_STANDARD = gnu17;
				GCC_NO_COMMON_BLOCKS = YES;
				GCC_WARN_64_TO_32_BIT_CONVERSION = YES;
				GCC_WARN_ABOUT_RETURN_TYPE = YES_ERROR;
				GCC_WARN_UNDECLARED_SELECTOR = YES;
				GCC_WARN_UNINITIALIZED_AUTOS = YES_AGGRESSIVE;
				GCC_WARN_UNUSED_FUNCTION = YES;
				GCC_WARN_UNUSED_VARIABLE = YES;
				LOCALIZATION_PREFERS_STRING_CATALOGS = YES;
				MTL_ENABLE_DEBUG_INFO = NO;
				MTL_FAST_MATH = YES;
				SWIFT_COMPILATION_MODE = wholemodule;
			};
			name = Release;
		};
		8589AC482B0533E400758178 /* Debug */ = {
			isa = XCBuildConfiguration;
			buildSettings = {
				ASSETCATALOG_COMPILER_APPICON_NAME = AppIcon;
				ASSETCATALOG_COMPILER_GLOBAL_ACCENT_COLOR_NAME = AccentColor;
				CODE_SIGN_ENTITLEMENTS = MemorizeGame/MemorizeGame.entitlements;
				CODE_SIGN_STYLE = Automatic;
				CURRENT_PROJECT_VERSION = 1;
				DEVELOPMENT_ASSET_PATHS = "\"MemorizeGame/Preview Content\"";
				DEVELOPMENT_TEAM = KB3A224PHG;
				ENABLE_HARDENED_RUNTIME = YES;
				ENABLE_PREVIEWS = YES;
				GENERATE_INFOPLIST_FILE = YES;
				"INFOPLIST_KEY_UIApplicationSceneManifest_Generation[sdk=iphoneos*]" = YES;
				"INFOPLIST_KEY_UIApplicationSceneManifest_Generation[sdk=iphonesimulator*]" = YES;
				"INFOPLIST_KEY_UIApplicationSupportsIndirectInputEvents[sdk=iphoneos*]" = YES;
				"INFOPLIST_KEY_UIApplicationSupportsIndirectInputEvents[sdk=iphonesimulator*]" = YES;
				"INFOPLIST_KEY_UILaunchScreen_Generation[sdk=iphoneos*]" = YES;
				"INFOPLIST_KEY_UILaunchScreen_Generation[sdk=iphonesimulator*]" = YES;
				"INFOPLIST_KEY_UIStatusBarStyle[sdk=iphoneos*]" = UIStatusBarStyleDefault;
				"INFOPLIST_KEY_UIStatusBarStyle[sdk=iphonesimulator*]" = UIStatusBarStyleDefault;
				INFOPLIST_KEY_UISupportedInterfaceOrientations_iPad = "UIInterfaceOrientationPortrait UIInterfaceOrientationPortraitUpsideDown UIInterfaceOrientationLandscapeLeft UIInterfaceOrientationLandscapeRight";
				INFOPLIST_KEY_UISupportedInterfaceOrientations_iPhone = "UIInterfaceOrientationPortrait UIInterfaceOrientationLandscapeLeft UIInterfaceOrientationLandscapeRight";
				IPHONEOS_DEPLOYMENT_TARGET = 17.0;
				LD_RUNPATH_SEARCH_PATHS = "@executable_path/Frameworks";
				"LD_RUNPATH_SEARCH_PATHS[sdk=macosx*]" = "@executable_path/../Frameworks";
				MACOSX_DEPLOYMENT_TARGET = 14.0;
				MARKETING_VERSION = 1.0;
				PRODUCT_BUNDLE_IDENTIFIER = com.baliga.MemorizeGame;
				PRODUCT_NAME = "$(TARGET_NAME)";
				SDKROOT = auto;
				SUPPORTED_PLATFORMS = "iphoneos iphonesimulator macosx";
				SWIFT_EMIT_LOC_STRINGS = YES;
				SWIFT_VERSION = 5.0;
				TARGETED_DEVICE_FAMILY = "1,2";
			};
			name = Debug;
		};
		8589AC492B0533E400758178 /* Release */ = {
			isa = XCBuildConfiguration;
			buildSettings = {
				ASSETCATALOG_COMPILER_APPICON_NAME = AppIcon;
				ASSETCATALOG_COMPILER_GLOBAL_ACCENT_COLOR_NAME = AccentColor;
				CODE_SIGN_ENTITLEMENTS = MemorizeGame/MemorizeGame.entitlements;
				CODE_SIGN_STYLE = Automatic;
				CURRENT_PROJECT_VERSION = 1;
				DEVELOPMENT_ASSET_PATHS = "\"MemorizeGame/Preview Content\"";
				DEVELOPMENT_TEAM = KB3A224PHG;
				ENABLE_HARDENED_RUNTIME = YES;
				ENABLE_PREVIEWS = YES;
				GENERATE_INFOPLIST_FILE = YES;
				"INFOPLIST_KEY_UIApplicationSceneManifest_Generation[sdk=iphoneos*]" = YES;
				"INFOPLIST_KEY_UIApplicationSceneManifest_Generation[sdk=iphonesimulator*]" = YES;
				"INFOPLIST_KEY_UIApplicationSupportsIndirectInputEvents[sdk=iphoneos*]" = YES;
				"INFOPLIST_KEY_UIApplicationSupportsIndirectInputEvents[sdk=iphonesimulator*]" = YES;
				"INFOPLIST_KEY_UILaunchScreen_Generation[sdk=iphoneos*]" = YES;
				"INFOPLIST_KEY_UILaunchScreen_Generation[sdk=iphonesimulator*]" = YES;
				"INFOPLIST_KEY_UIStatusBarStyle[sdk=iphoneos*]" = UIStatusBarStyleDefault;
				"INFOPLIST_KEY_UIStatusBarStyle[sdk=iphonesimulator*]" = UIStatusBarStyleDefault;
				INFOPLIST_KEY_UISupportedInterfaceOrientations_iPad = "UIInterfaceOrientationPortrait UIInterfaceOrientationPortraitUpsideDown UIInterfaceOrientationLandscapeLeft UIInterfaceOrientationLandscapeRight";
				INFOPLIST_KEY_UISupportedInterfaceOrientations_iPhone = "UIInterfaceOrientationPortrait UIInterfaceOrientationLandscapeLeft UIInterfaceOrientationLandscapeRight";
				IPHONEOS_DEPLOYMENT_TARGET = 17.0;
				LD_RUNPATH_SEARCH_PATHS = "@executable_path/Frameworks";
				"LD_RUNPATH_SEARCH_PATHS[sdk=macosx*]" = "@executable_path/../Frameworks";
				MACOSX_DEPLOYMENT_TARGET = 14.0;
				MARKETING_VERSION = 1.0;
				PRODUCT_BUNDLE_IDENTIFIER = com.baliga.MemorizeGame;
				PRODUCT_NAME = "$(TARGET_NAME)";
				SDKROOT = auto;
				SUPPORTED_PLATFORMS = "iphoneos iphonesimulator macosx";
				SWIFT_EMIT_LOC_STRINGS = YES;
				SWIFT_VERSION = 5.0;
				TARGETED_DEVICE_FAMILY = "1,2";
			};
			name = Release;
		};
		8589AC4B2B0533E400758178 /* Debug */ = {
			isa = XCBuildConfiguration;
			buildSettings = {
				ALWAYS_EMBED_SWIFT_STANDARD_LIBRARIES = YES;
				BUNDLE_LOADER = "$(TEST_HOST)";
				CODE_SIGN_STYLE = Automatic;
				CURRENT_PROJECT_VERSION = 1;
				DEVELOPMENT_TEAM = KB3A224PHG;
				GENERATE_INFOPLIST_FILE = YES;
				IPHONEOS_DEPLOYMENT_TARGET = 17.0;
				MACOSX_DEPLOYMENT_TARGET = 14.0;
				MARKETING_VERSION = 1.0;
				PRODUCT_BUNDLE_IDENTIFIER = com.baliga.MemorizeGameTests;
				PRODUCT_NAME = "$(TARGET_NAME)";
				SDKROOT = auto;
				SUPPORTED_PLATFORMS = "iphoneos iphonesimulator macosx";
				SWIFT_EMIT_LOC_STRINGS = NO;
				SWIFT_VERSION = 5.0;
				TARGETED_DEVICE_FAMILY = "1,2";
				TEST_HOST = "$(BUILT_PRODUCTS_DIR)/MemorizeGame.app/$(BUNDLE_EXECUTABLE_FOLDER_PATH)/MemorizeGame";
			};
			name = Debug;
		};
		8589AC4C2B0533E400758178 /* Release */ = {
			isa = XCBuildConfiguration;
			buildSettings = {
				ALWAYS_EMBED_SWIFT_STANDARD_LIBRARIES = YES;
				BUNDLE_LOADER = "$(TEST_HOST)";
				CODE_SIGN_STYLE = Automatic;
				CURRENT_PROJECT_VERSION = 1;
				DEVELOPMENT_TEAM = KB3A224PHG;
				GENERATE_INFOPLIST_FILE = YES;
				IPHONEOS_DEPLOYMENT_TARGET = 17.0;
				MACOSX_DEPLOYMENT_TARGET = 14.0;
				MARKETING_VERSION = 1.0;
				PRODUCT_BUNDLE_IDENTIFIER = com.baliga.MemorizeGameTests;
				PRODUCT_NAME = "$(TARGET_NAME)";
				SDKROOT = auto;
				SUPPORTED_PLATFORMS = "iphoneos iphonesimulator macosx";
				SWIFT_EMIT_LOC_STRINGS = NO;
				SWIFT_VERSION = 5.0;
				TARGETED_DEVICE_FAMILY = "1,2";
				TEST_HOST = "$(BUILT_PRODUCTS_DIR)/MemorizeGame.app/$(BUNDLE_EXECUTABLE_FOLDER_PATH)/MemorizeGame";
			};
			name = Release;
		};
		8589AC4E2B0533E400758178 /* Debug */ = {
			isa = XCBuildConfiguration;
			buildSettings = {
				ALWAYS_EMBED_SWIFT_STANDARD_LIBRARIES = YES;
				CODE_SIGN_STYLE = Automatic;
				CURRENT_PROJECT_VERSION = 1;
				DEVELOPMENT_TEAM = KB3A224PHG;
				GENERATE_INFOPLIST_FILE = YES;
				IPHONEOS_DEPLOYMENT_TARGET = 17.0;
				MACOSX_DEPLOYMENT_TARGET = 14.0;
				MARKETING_VERSION = 1.0;
				PRODUCT_BUNDLE_IDENTIFIER = com.baliga.MemorizeGameUITests;
				PRODUCT_NAME = "$(TARGET_NAME)";
				SDKROOT = auto;
				SUPPORTED_PLATFORMS = "iphoneos iphonesimulator macosx";
				SWIFT_EMIT_LOC_STRINGS = NO;
				SWIFT_VERSION = 5.0;
				TARGETED_DEVICE_FAMILY = "1,2";
				TEST_TARGET_NAME = MemorizeGame;
			};
			name = Debug;
		};
		8589AC4F2B0533E400758178 /* Release */ = {
			isa = XCBuildConfiguration;
			buildSettings = {
				ALWAYS_EMBED_SWIFT_STANDARD_LIBRARIES = YES;
				CODE_SIGN_STYLE = Automatic;
				CURRENT_PROJECT_VERSION = 1;
				DEVELOPMENT_TEAM = KB3A224PHG;
				GENERATE_INFOPLIST_FILE = YES;
				IPHONEOS_DEPLOYMENT_TARGET = 17.0;
				MACOSX_DEPLOYMENT_TARGET = 14.0;
				MARKETING_VERSION = 1.0;
				PRODUCT_BUNDLE_IDENTIFIER = com.baliga.MemorizeGameUITests;
				PRODUCT_NAME = "$(TARGET_NAME)";
				SDKROOT = auto;
				SUPPORTED_PLATFORMS = "iphoneos iphonesimulator macosx";
				SWIFT_EMIT_LOC_STRINGS = NO;
				SWIFT_VERSION = 5.0;
				TARGETED_DEVICE_FAMILY = "1,2";
				TEST_TARGET_NAME = MemorizeGame;
			};
			name = Release;
		};
/* End XCBuildConfiguration section */

/* Begin XCConfigurationList section */
		8589AC1D2B0533E300758178 /* Build configuration list for PBXProject "MemorizeGame" */ = {
			isa = XCConfigurationList;
			buildConfigurations = (
				8589AC452B0533E400758178 /* Debug */,
				8589AC462B0533E400758178 /* Release */,
			);
			defaultConfigurationIsVisible = 0;
			defaultConfigurationName = Release;
		};
		8589AC472B0533E400758178 /* Build configuration list for PBXNativeTarget "MemorizeGame" */ = {
			isa = XCConfigurationList;
			buildConfigurations = (
				8589AC482B0533E400758178 /* Debug */,
				8589AC492B0533E400758178 /* Release */,
			);
			defaultConfigurationIsVisible = 0;
			defaultConfigurationName = Release;
		};
		8589AC4A2B0533E400758178 /* Build configuration list for PBXNativeTarget "MemorizeGameTests" */ = {
			isa = XCConfigurationList;
			buildConfigurations = (
				8589AC4B2B0533E400758178 /* Debug */,
				8589AC4C2B0533E400758178 /* Release */,
			);
			defaultConfigurationIsVisible = 0;
			defaultConfigurationName = Release;
		};
		8589AC4D2B0533E400758178 /* Build configuration list for PBXNativeTarget "MemorizeGameUITests" */ = {
			isa = XCConfigurationList;
			buildConfigurations = (
				8589AC4E2B0533E400758178 /* Debug */,
				8589AC4F2B0533E400758178 /* Release */,
			);
			defaultConfigurationIsVisible = 0;
			defaultConfigurationName = Release;
		};
/* End XCConfigurationList section */
	};
	rootObject = 8589AC1A2B0533E300758178 /* Project object */;
}
